
Microsoft Visual Studio Solution File, Format Version 12.00
# Visual Studio Version 17
VisualStudioVersion = 17.8.34511.84
MinimumVisualStudioVersion = 10.0.40219.1
Project("{FAE04EC0-301F-11D3-BF4B-00C04F79EFBC}") = "PartialMock.ClassLibrary", "PartialMock.ClassLibrary\PartialMock.ClassLibrary.csproj", "{BA2C29F4-727B-4F68-B240-3A1D00B78136}"
EndProject
Project("{FAE04EC0-301F-11D3-BF4B-00C04F79EFBC}") = "PartialMock.ClassLibrary.Tests.Unit", "PartialMock.ClassLibrary.Tests.Unit\PartialMock.ClassLibrary.Tests.Unit.csproj", "{0AAD1E1B-3AC5-498A-8F9A-07E5030FAA59}"
EndProject
Global
	GlobalSection(SolutionConfigurationPlatforms) = preSolution
		Debug|Any CPU = Debug|Any CPU
		Release|Any CPU = Release|Any CPU
	EndGlobalSection
	GlobalSection(ProjectConfigurationPlatforms) = postSolution
		{BA2C29F4-727B-4F68-B240-3A1D00B78136}.Debug|Any CPU.ActiveCfg = Debug|Any CPU
		{BA2C29F4-727B-4F68-B240-3A1D00B78136}.Debug|Any CPU.Build.0 = Debug|Any CPU
		{BA2C29F4-727B-4F68-B240-3A1D00B78136}.Release|Any CPU.ActiveCfg = Release|Any CPU
		{BA2C29F4-727B-4F68-B240-3A1D00B78136}.Release|Any CPU.Build.0 = Release|Any CPU
		{0AAD1E1B-3AC5-498A-8F9A-07E5030FAA59}.Debug|Any CPU.ActiveCfg = Debug|Any CPU
		{0AAD1E1B-3AC5-498A-8F9A-07E5030FAA59}.Debug|Any CPU.Build.0 = Debug|Any CPU
		{0AAD1E1B-3AC5-498A-8F9A-07E5030FAA59}.Release|Any CPU.ActiveCfg = Release|Any CPU
		{0AAD1E1B-3AC5-498A-8F9A-07E5030FAA59}.Release|Any CPU.Build.0 = Release|Any CPU
	EndGlobalSection
	GlobalSection(SolutionProperties) = preSolution
		HideSolutionNode = FALSE
	EndGlobalSection
	GlobalSection(ExtensibilityGlobals) = postSolution
		SolutionGuid = {10A17BF4-6AC0-4EB7-B3E7-EBFDCE7B0BA2}
	EndGlobalSection
EndGlobal
